
Microsoft Visual Studio Solution File, Format Version 12.00
# Visual Studio Version 17
VisualStudioVersion = 17.0.32014.148
MinimumVisualStudioVersion = 10.0.40219.1
Project("{9A19103F-16F7-4668-BE54-9A1E7A4F7556}") = "task.web", "task.web\task.web.csproj", "{5BBEA257-E73E-4D79-B39D-403EBB1C93A9}"
EndProject
Project("{FAE04EC0-301F-11D3-BF4B-00C04F79EFBC}") = "task.Infrastructure", "task.Infrastructure\task.Infrastructure.csproj", "{5D7BB594-1F3A-4B14-9442-65DC83ABD61C}"
EndProject
Global
	GlobalSection(SolutionConfigurationPlatforms) = preSolution
		Debug|Any CPU = Debug|Any CPU
		Release|Any CPU = Release|Any CPU
	EndGlobalSection
	GlobalSection(ProjectConfigurationPlatforms) = postSolution
		{5BBEA257-E73E-4D79-B39D-403EBB1C93A9}.Debug|Any CPU.ActiveCfg = Debug|Any CPU
		{5BBEA257-E73E-4D79-B39D-403EBB1C93A9}.Debug|Any CPU.Build.0 = Debug|Any CPU
		{5BBEA257-E73E-4D79-B39D-403EBB1C93A9}.Release|Any CPU.ActiveCfg = Release|Any CPU
		{5BBEA257-E73E-4D79-B39D-403EBB1C93A9}.Release|Any CPU.Build.0 = Release|Any CPU
		{5D7BB594-1F3A-4B14-9442-65DC83ABD61C}.Debug|Any CPU.ActiveCfg = Debug|Any CPU
		{5D7BB594-1F3A-4B14-9442-65DC83ABD61C}.Debug|Any CPU.Build.0 = Debug|Any CPU
		{5D7BB594-1F3A-4B14-9442-65DC83ABD61C}.Release|Any CPU.ActiveCfg = Release|Any CPU
		{5D7BB594-1F3A-4B14-9442-65DC83ABD61C}.Release|Any CPU.Build.0 = Release|Any CPU
	EndGlobalSection
	GlobalSection(SolutionProperties) = preSolution
		HideSolutionNode = FALSE
	EndGlobalSection
	GlobalSection(ExtensibilityGlobals) = postSolution
		SolutionGuid = {9DB2FB45-8517-4206-965B-86BBD992F7E4}
	EndGlobalSection
EndGlobal
